
Microsoft Visual Studio Solution File, Format Version 12.00
# Visual Studio Version 17
VisualStudioVersion = 17.2.32602.215
MinimumVisualStudioVersion = 10.0.40219.1
Project("{FAE04EC0-301F-11D3-BF4B-00C04F79EFBC}") = "Task-Level2-Test-App2", "Task-Level2-Test-App2.csproj", "{B23AE359-E187-4FD3-AB1C-3AC8A288FE07}"
EndProject
Global
	GlobalSection(SolutionConfigurationPlatforms) = preSolution
		Debug|Any CPU = Debug|Any CPU
		Release|Any CPU = Release|Any CPU
	EndGlobalSection
	GlobalSection(ProjectConfigurationPlatforms) = postSolution
		{B23AE359-E187-4FD3-AB1C-3AC8A288FE07}.Debug|Any CPU.ActiveCfg = Debug|Any CPU
		{B23AE359-E187-4FD3-AB1C-3AC8A288FE07}.Debug|Any CPU.Build.0 = Debug|Any CPU
		{B23AE359-E187-4FD3-AB1C-3AC8A288FE07}.Release|Any CPU.ActiveCfg = Release|Any CPU
		{B23AE359-E187-4FD3-AB1C-3AC8A288FE07}.Release|Any CPU.Build.0 = Release|Any CPU
	EndGlobalSection
	GlobalSection(SolutionProperties) = preSolution
		HideSolutionNode = FALSE
	EndGlobalSection
	GlobalSection(ExtensibilityGlobals) = postSolution
		SolutionGuid = {F3EF1484-8996-4502-AC74-42121628CABF}
	EndGlobalSection
EndGlobal
